
Microsoft Visual Studio Solution File, Format Version 12.00
# Visual Studio 2013
VisualStudioVersion = 12.0.21005.1
MinimumVisualStudioVersion = 10.0.40219.1
Project("{FAE04EC0-301F-11D3-BF4B-00C04F79EFBC}") = "6.Library.API.Tests", "Library.API.Tests\6.Library.API.Tests.csproj", "{A5BE1E16-559E-4F1E-BB73-AB2FD80FCD1B}"
EndProject
Project("{FAE04EC0-301F-11D3-BF4B-00C04F79EFBC}") = "2.Library.API.Business", "Library.API.Business\2.Library.API.Business.csproj", "{ECECE940-1A37-4832-BD3A-7252D7A25E2A}"
EndProject
Project("{FAE04EC0-301F-11D3-BF4B-00C04F79EFBC}") = "4.Library.API.Common", "Library.API.Common\4.Library.API.Common.csproj", "{8B0D5EA0-140F-4C71-ACAD-67F603C3A466}"
EndProject
Project("{FAE04EC0-301F-11D3-BF4B-00C04F79EFBC}") = "5.Library.API.DAL", "Library.API.DAL\5.Library.API.DAL.csproj", "{33436068-F514-4DD6-8C26-AE6D1FB665BF}"
EndProject
Project("{FAE04EC0-301F-11D3-BF4B-00C04F79EFBC}") = "1.Library.API.Web", "Library.API\1.Library.API.Web.csproj", "{959B9A1D-68AE-4A77-AF40-0E0B14FA1C24}"
EndProject
Global
	GlobalSection(SolutionConfigurationPlatforms) = preSolution
		Debug|Any CPU = Debug|Any CPU
		Release|Any CPU = Release|Any CPU
	EndGlobalSection
	GlobalSection(ProjectConfigurationPlatforms) = postSolution
		{A5BE1E16-559E-4F1E-BB73-AB2FD80FCD1B}.Debug|Any CPU.ActiveCfg = Debug|Any CPU
		{A5BE1E16-559E-4F1E-BB73-AB2FD80FCD1B}.Debug|Any CPU.Build.0 = Debug|Any CPU
		{A5BE1E16-559E-4F1E-BB73-AB2FD80FCD1B}.Release|Any CPU.ActiveCfg = Release|Any CPU
		{A5BE1E16-559E-4F1E-BB73-AB2FD80FCD1B}.Release|Any CPU.Build.0 = Release|Any CPU
		{ECECE940-1A37-4832-BD3A-7252D7A25E2A}.Debug|Any CPU.ActiveCfg = Debug|Any CPU
		{ECECE940-1A37-4832-BD3A-7252D7A25E2A}.Debug|Any CPU.Build.0 = Debug|Any CPU
		{ECECE940-1A37-4832-BD3A-7252D7A25E2A}.Release|Any CPU.ActiveCfg = Release|Any CPU
		{ECECE940-1A37-4832-BD3A-7252D7A25E2A}.Release|Any CPU.Build.0 = Release|Any CPU
		{8B0D5EA0-140F-4C71-ACAD-67F603C3A466}.Debug|Any CPU.ActiveCfg = Debug|Any CPU
		{8B0D5EA0-140F-4C71-ACAD-67F603C3A466}.Debug|Any CPU.Build.0 = Debug|Any CPU
		{8B0D5EA0-140F-4C71-ACAD-67F603C3A466}.Release|Any CPU.ActiveCfg = Release|Any CPU
		{8B0D5EA0-140F-4C71-ACAD-67F603C3A466}.Release|Any CPU.Build.0 = Release|Any CPU
		{33436068-F514-4DD6-8C26-AE6D1FB665BF}.Debug|Any CPU.ActiveCfg = Debug|Any CPU
		{33436068-F514-4DD6-8C26-AE6D1FB665BF}.Debug|Any CPU.Build.0 = Debug|Any CPU
		{33436068-F514-4DD6-8C26-AE6D1FB665BF}.Release|Any CPU.ActiveCfg = Release|Any CPU
		{33436068-F514-4DD6-8C26-AE6D1FB665BF}.Release|Any CPU.Build.0 = Release|Any CPU
		{959B9A1D-68AE-4A77-AF40-0E0B14FA1C24}.Debug|Any CPU.ActiveCfg = Debug|Any CPU
		{959B9A1D-68AE-4A77-AF40-0E0B14FA1C24}.Debug|Any CPU.Build.0 = Debug|Any CPU
		{959B9A1D-68AE-4A77-AF40-0E0B14FA1C24}.Release|Any CPU.ActiveCfg = Release|Any CPU
		{959B9A1D-68AE-4A77-AF40-0E0B14FA1C24}.Release|Any CPU.Build.0 = Release|Any CPU
	EndGlobalSection
	GlobalSection(SolutionProperties) = preSolution
		HideSolutionNode = FALSE
	EndGlobalSection
EndGlobal
